
Microsoft Visual Studio Solution File, Format Version 12.00
# Visual Studio Version 17
VisualStudioVersion = 17.8.34525.116
MinimumVisualStudioVersion = 10.0.40219.1
Project("{FAE04EC0-301F-11D3-BF4B-00C04F79EFBC}") = "Practica_Basica_C#", "Practica_Basica_C#\Practica_Basica_C#.csproj", "{96ECD646-1727-468B-83CE-B91EB812753B}"
EndProject
Global
	GlobalSection(SolutionConfigurationPlatforms) = preSolution
		Debug|Any CPU = Debug|Any CPU
		Release|Any CPU = Release|Any CPU
	EndGlobalSection
	GlobalSection(ProjectConfigurationPlatforms) = postSolution
		{96ECD646-1727-468B-83CE-B91EB812753B}.Debug|Any CPU.ActiveCfg = Debug|Any CPU
		{96ECD646-1727-468B-83CE-B91EB812753B}.Debug|Any CPU.Build.0 = Debug|Any CPU
		{96ECD646-1727-468B-83CE-B91EB812753B}.Release|Any CPU.ActiveCfg = Release|Any CPU
		{96ECD646-1727-468B-83CE-B91EB812753B}.Release|Any CPU.Build.0 = Release|Any CPU
	EndGlobalSection
	GlobalSection(SolutionProperties) = preSolution
		HideSolutionNode = FALSE
	EndGlobalSection
	GlobalSection(ExtensibilityGlobals) = postSolution
		SolutionGuid = {AFDB77DE-8BEB-433C-9A91-F9AB1E5F7E95}
	EndGlobalSection
EndGlobal
