
Microsoft Visual Studio Solution File, Format Version 12.00
# Visual Studio Version 17
VisualStudioVersion = 17.8.34525.116
MinimumVisualStudioVersion = 10.0.40219.1
Project("{FAE04EC0-301F-11D3-BF4B-00C04F79EFBC}") = "Practica2_Prog2", "Practica2_Prog2\Practica2_Prog2.csproj", "{8BBDDEB0-964A-4B65-AAD7-B7139E82ABCD}"
EndProject
Global
	GlobalSection(SolutionConfigurationPlatforms) = preSolution
		Debug|Any CPU = Debug|Any CPU
		Release|Any CPU = Release|Any CPU
	EndGlobalSection
	GlobalSection(ProjectConfigurationPlatforms) = postSolution
		{8BBDDEB0-964A-4B65-AAD7-B7139E82ABCD}.Debug|Any CPU.ActiveCfg = Debug|Any CPU
		{8BBDDEB0-964A-4B65-AAD7-B7139E82ABCD}.Debug|Any CPU.Build.0 = Debug|Any CPU
		{8BBDDEB0-964A-4B65-AAD7-B7139E82ABCD}.Release|Any CPU.ActiveCfg = Release|Any CPU
		{8BBDDEB0-964A-4B65-AAD7-B7139E82ABCD}.Release|Any CPU.Build.0 = Release|Any CPU
	EndGlobalSection
	GlobalSection(SolutionProperties) = preSolution
		HideSolutionNode = FALSE
	EndGlobalSection
	GlobalSection(ExtensibilityGlobals) = postSolution
		SolutionGuid = {BDEE478D-5BC7-4E77-A45E-2CF7A62F7813}
	EndGlobalSection
EndGlobal
